// !$*UTF8*$!
{
	archiveVersion = 1;
	classes = {
	};
	objectVersion = 50;
	objects = {

/* Begin PBXBuildFile section */
		A1E70CBD2126A6C600888FD2 /* main.cpp in Sources */ = {isa = PBXBuildFile; fileRef = A1E70CBC2126A6C600888FD2 /* main.cpp */; };
/* End PBXBuildFile section */

/* Begin PBXCopyFilesBuildPhase section */
		A1E70CB72126A6C600888FD2 /* CopyFiles */ = {
			isa = PBXCopyFilesBuildPhase;
			buildActionMask = 2147483647;
			dstPath = /usr/share/man/man1/;
			dstSubfolderSpec = 0;
			files = (
			);
			runOnlyForDeploymentPostprocessing = 1;
		};
/* End PBXCopyFilesBuildPhase section */

/* Begin PBXFileReference section */
		A113FCC423A4CF0400984408 /* fart.hpp */ = {isa = PBXFileReference; lastKnownFileType = sourcecode.cpp.h; path = fart.hpp; sourceTree = "<group>"; };
		A113FD1923A4D15200984408 /* fart.hpp */ = {isa = PBXFileReference; lastKnownFileType = sourcecode.cpp.h; path = fart.hpp; sourceTree = "<group>"; };
		A113FD4A23A4D4F400984408 /* head.hpp */ = {isa = PBXFileReference; lastKnownFileType = sourcecode.cpp.h; path = head.hpp; sourceTree = "<group>"; };
		A134194C243A760500DE422E /* math.hpp */ = {isa = PBXFileReference; lastKnownFileType = sourcecode.cpp.h; path = math.hpp; sourceTree = "<group>"; };
		A134194E243A760C00DE422E /* tools.hpp */ = {isa = PBXFileReference; lastKnownFileType = sourcecode.cpp.h; path = tools.hpp; sourceTree = "<group>"; };
		A1380CB723A1C80F005D3255 /* url.hpp */ = {isa = PBXFileReference; lastKnownFileType = sourcecode.cpp.h; path = url.hpp; sourceTree = "<group>"; };
		A1380CBD23A23F2B005D3255 /* fart.hpp */ = {isa = PBXFileReference; lastKnownFileType = sourcecode.cpp.h; path = fart.hpp; sourceTree = "<group>"; };
		A1380CBF23A23FAF005D3255 /* threading.hpp */ = {isa = PBXFileReference; lastKnownFileType = sourcecode.cpp.h; path = threading.hpp; sourceTree = "<group>"; };
		A1380CC023A23FCE005D3255 /* types.hpp */ = {isa = PBXFileReference; lastKnownFileType = sourcecode.cpp.h; path = types.hpp; sourceTree = "<group>"; };
		A1380CC123A2400A005D3255 /* memory.hpp */ = {isa = PBXFileReference; lastKnownFileType = sourcecode.cpp.h; path = memory.hpp; sourceTree = "<group>"; };
		A1380CC223A2402E005D3255 /* http.hpp */ = {isa = PBXFileReference; lastKnownFileType = sourcecode.cpp.h; path = http.hpp; sourceTree = "<group>"; };
		A1380CC323A2403D005D3255 /* web.hpp */ = {isa = PBXFileReference; lastKnownFileType = sourcecode.cpp.h; path = web.hpp; sourceTree = "<group>"; };
		A1380CC623A240BF005D3255 /* request-head.hpp */ = {isa = PBXFileReference; lastKnownFileType = sourcecode.cpp.h; path = "request-head.hpp"; sourceTree = "<group>"; };
		A14D1B23213E6AEE00C9B775 /* array.hpp */ = {isa = PBXFileReference; lastKnownFileType = sourcecode.cpp.h; path = array.hpp; sourceTree = "<group>"; };
		A14D1B26213E73B200C9B775 /* weak.hpp */ = {isa = PBXFileReference; lastKnownFileType = sourcecode.cpp.h; path = weak.hpp; sourceTree = "<group>"; };
		A14D1B292145B93D00C9B775 /* number.hpp */ = {isa = PBXFileReference; lastKnownFileType = sourcecode.cpp.h; path = number.hpp; sourceTree = "<group>"; };
		A14D1B2C2145BA7C00C9B775 /* dictionary.hpp */ = {isa = PBXFileReference; lastKnownFileType = sourcecode.cpp.h; path = dictionary.hpp; sourceTree = "<group>"; };
		A14D1B2F2145BBEF00C9B775 /* hashable.hpp */ = {isa = PBXFileReference; lastKnownFileType = sourcecode.cpp.h; path = hashable.hpp; sourceTree = "<group>"; };
		A14D1B35214677B600C9B775 /* type.hpp */ = {isa = PBXFileReference; lastKnownFileType = sourcecode.cpp.h; path = type.hpp; sourceTree = "<group>"; };
		A15F5C4E23A2515800269F72 /* version.hpp */ = {isa = PBXFileReference; lastKnownFileType = sourcecode.cpp.h; path = version.hpp; sourceTree = "<group>"; };
		A15F5C5023A2519800269F72 /* response-head.hpp */ = {isa = PBXFileReference; lastKnownFileType = sourcecode.cpp.h; path = "response-head.hpp"; sourceTree = "<group>"; };
		A18E579F2442DA1600772693 /* io.hpp */ = {isa = PBXFileReference; lastKnownFileType = sourcecode.cpp.h; path = io.hpp; sourceTree = "<group>"; };
		A18E57A02442DA2300772693 /* file.hpp */ = {isa = PBXFileReference; lastKnownFileType = sourcecode.cpp.h; path = file.hpp; sourceTree = "<group>"; };
		A18E57A22442DCAC00772693 /* fs.hpp */ = {isa = PBXFileReference; lastKnownFileType = sourcecode.cpp.h; path = fs.hpp; sourceTree = "<group>"; };
		A18E57A42442DCFE00772693 /* sockets.hpp */ = {isa = PBXFileReference; lastKnownFileType = sourcecode.cpp.h; path = sockets.hpp; sourceTree = "<group>"; };
		A18EE0482434C39900242173 /* null.hpp */ = {isa = PBXFileReference; lastKnownFileType = sourcecode.cpp.h; path = null.hpp; sourceTree = "<group>"; };
		A18EE04D2434C63C00242173 /* json.hpp */ = {isa = PBXFileReference; lastKnownFileType = sourcecode.cpp.h; path = json.hpp; sourceTree = "<group>"; };
		A18EE0542434E98800242173 /* endian.h */ = {isa = PBXFileReference; lastKnownFileType = sourcecode.c.h; path = endian.h; sourceTree = "<group>"; };
		A1938016243724AE00F914DA /* exceptions.hpp */ = {isa = PBXFileReference; lastKnownFileType = sourcecode.cpp.h; path = exceptions.hpp; sourceTree = "<group>"; };
		A1938018243724D100F914DA /* system.hpp */ = {isa = PBXFileReference; lastKnownFileType = sourcecode.cpp.h; path = system.hpp; sourceTree = "<group>"; };
		A193801A243724EB00F914DA /* serialization.hpp */ = {isa = PBXFileReference; lastKnownFileType = sourcecode.cpp.h; path = serialization.hpp; sourceTree = "<group>"; };
		A193801D243726D000F914DA /* date.hpp */ = {isa = PBXFileReference; lastKnownFileType = sourcecode.cpp.h; path = date.hpp; sourceTree = "<group>"; };
		A193802524387BAD00F914DA /* duration.hpp */ = {isa = PBXFileReference; lastKnownFileType = sourcecode.cpp.h; path = duration.hpp; sourceTree = "<group>"; };
		A1C3CD8023A0FDA000E1B8E1 /* message.hpp */ = {isa = PBXFileReference; lastKnownFileType = sourcecode.cpp.h; path = message.hpp; sourceTree = "<group>"; };
		A1C3CD8623A12A4A00E1B8E1 /* server.hpp */ = {isa = PBXFileReference; lastKnownFileType = sourcecode.cpp.h; path = server.hpp; sourceTree = "<group>"; };
		A1DBDA8921A6C94A001C3957 /* thread.hpp */ = {isa = PBXFileReference; lastKnownFileType = sourcecode.cpp.h; path = thread.hpp; sourceTree = "<group>"; };
		A1E70CB92126A6C600888FD2 /* fart-test */ = {isa = PBXFileReference; explicitFileType = "compiled.mach-o.executable"; includeInIndex = 0; path = "fart-test"; sourceTree = BUILT_PRODUCTS_DIR; };
		A1E70CBC2126A6C600888FD2 /* main.cpp */ = {isa = PBXFileReference; lastKnownFileType = sourcecode.cpp.cpp; path = main.cpp; sourceTree = "<group>"; };
		A1E70CC52126A6F300888FD2 /* object.hpp */ = {isa = PBXFileReference; lastKnownFileType = sourcecode.cpp.h; path = object.hpp; sourceTree = "<group>"; };
		A1E70CC92126A7BD00888FD2 /* mutex.hpp */ = {isa = PBXFileReference; lastKnownFileType = sourcecode.cpp.h; path = mutex.hpp; sourceTree = "<group>"; };
		A1E70CCC2126B01E00888FD2 /* strong.hpp */ = {isa = PBXFileReference; lastKnownFileType = sourcecode.cpp.h; path = strong.hpp; sourceTree = "<group>"; };
		A1E70CD02126B3DE00888FD2 /* string.hpp */ = {isa = PBXFileReference; lastKnownFileType = sourcecode.cpp.h; path = string.hpp; sourceTree = "<group>"; };
		A1E70CD32126B41400888FD2 /* data.hpp */ = {isa = PBXFileReference; lastKnownFileType = sourcecode.cpp.h; path = data.hpp; sourceTree = "<group>"; };
		A1E70CD72126C1BF00888FD2 /* exception.hpp */ = {isa = PBXFileReference; lastKnownFileType = sourcecode.cpp.h; path = exception.hpp; sourceTree = "<group>"; };
		A1F4357E23A5209000191611 /* semaphore.hpp */ = {isa = PBXFileReference; lastKnownFileType = sourcecode.cpp.h; path = semaphore.hpp; sourceTree = "<group>"; };
		A1FC98C6215296AE00CE1B63 /* socket.hpp */ = {isa = PBXFileReference; lastKnownFileType = sourcecode.cpp.h; path = socket.hpp; sourceTree = "<group>"; };
		A1FC98C9215296E200CE1B63 /* endpoint.hpp */ = {isa = PBXFileReference; lastKnownFileType = sourcecode.cpp.h; path = endpoint.hpp; sourceTree = "<group>"; };
/* End PBXFileReference section */

/* Begin PBXFrameworksBuildPhase section */
		A1E70CB62126A6C600888FD2 /* Frameworks */ = {
			isa = PBXFrameworksBuildPhase;
			buildActionMask = 2147483647;
			files = (
			);
			runOnlyForDeploymentPostprocessing = 0;
		};
/* End PBXFrameworksBuildPhase section */

/* Begin PBXGroup section */
		A113FCC323A4CF0400984408 /* fart */ = {
			isa = PBXGroup;
			children = (
				A113FCC423A4CF0400984408 /* fart.hpp */,
			);
			path = fart;
			sourceTree = "<group>";
		};
		A113FCF323A4CF6D00984408 /* Frameworks */ = {
			isa = PBXGroup;
			children = (
			);
			name = Frameworks;
			sourceTree = "<group>";
		};
		A113FD1823A4D15200984408 /* fart */ = {
			isa = PBXGroup;
			children = (
				A113FD1923A4D15200984408 /* fart.hpp */,
			);
			path = fart;
			sourceTree = "<group>";
		};
		A134194B243A75F600DE422E /* tools */ = {
			isa = PBXGroup;
			children = (
				A134194C243A760500DE422E /* math.hpp */,
				A134194E243A760C00DE422E /* tools.hpp */,
			);
			path = tools;
			sourceTree = "<group>";
		};
		A1380CB923A23E87005D3255 /* http */ = {
			isa = PBXGroup;
			children = (
				A15F5C4E23A2515800269F72 /* version.hpp */,
				A113FD4A23A4D4F400984408 /* head.hpp */,
				A1380CC623A240BF005D3255 /* request-head.hpp */,
				A15F5C5023A2519800269F72 /* response-head.hpp */,
				A1380CC223A2402E005D3255 /* http.hpp */,
			);
			path = http;
			sourceTree = "<group>";
		};
		A18E579E2442DA0400772693 /* io */ = {
			isa = PBXGroup;
			children = (
				A18E57A12442DC9A00772693 /* fs */,
				A18E57A32442DCEF00772693 /* sockets */,
				A18E579F2442DA1600772693 /* io.hpp */,
			);
			path = io;
			sourceTree = "<group>";
		};
		A18E57A12442DC9A00772693 /* fs */ = {
			isa = PBXGroup;
			children = (
				A18E57A02442DA2300772693 /* file.hpp */,
				A18E57A22442DCAC00772693 /* fs.hpp */,
			);
			path = fs;
			sourceTree = "<group>";
		};
		A18E57A32442DCEF00772693 /* sockets */ = {
			isa = PBXGroup;
			children = (
				A1FC98C6215296AE00CE1B63 /* socket.hpp */,
				A1FC98C9215296E200CE1B63 /* endpoint.hpp */,
				A18E57A42442DCFE00772693 /* sockets.hpp */,
			);
			path = sockets;
			sourceTree = "<group>";
		};
		A18EE04B2434C62B00242173 /* serialization */ = {
			isa = PBXGroup;
			children = (
				A18EE04D2434C63C00242173 /* json.hpp */,
				A193801A243724EB00F914DA /* serialization.hpp */,
			);
			path = serialization;
			sourceTree = "<group>";
		};
		A18EE0532434E97A00242173 /* system */ = {
			isa = PBXGroup;
			children = (
				A18EE0542434E98800242173 /* endian.h */,
				A1938018243724D100F914DA /* system.hpp */,
			);
			path = system;
			sourceTree = "<group>";
		};
		A1C3CD7B23A0FD7700E1B8E1 /* web */ = {
			isa = PBXGroup;
			children = (
				A1380CB923A23E87005D3255 /* http */,
				A1C3CD8623A12A4A00E1B8E1 /* server.hpp */,
				A1C3CD8023A0FDA000E1B8E1 /* message.hpp */,
				A1380CB723A1C80F005D3255 /* url.hpp */,
				A1380CC323A2403D005D3255 /* web.hpp */,
			);
			path = web;
			sourceTree = "<group>";
		};
		A1E70CB02126A6C600888FD2 = {
			isa = PBXGroup;
			children = (
				A1E70CBB2126A6C600888FD2 /* fart */,
				A113FCC323A4CF0400984408 /* fart */,
				A113FD1823A4D15200984408 /* fart */,
				A1E70CBA2126A6C600888FD2 /* Products */,
				A113FCF323A4CF6D00984408 /* Frameworks */,
			);
			sourceTree = "<group>";
		};
		A1E70CBA2126A6C600888FD2 /* Products */ = {
			isa = PBXGroup;
			children = (
				A1E70CB92126A6C600888FD2 /* fart-test */,
			);
			name = Products;
			sourceTree = "<group>";
		};
		A1E70CBB2126A6C600888FD2 /* fart */ = {
			isa = PBXGroup;
			children = (
				A18E579E2442DA0400772693 /* io */,
				A134194B243A75F600DE422E /* tools */,
				A18EE0532434E97A00242173 /* system */,
				A18EE04B2434C62B00242173 /* serialization */,
				A1E70CD52126C1B400888FD2 /* exceptions */,
				A1E70CC72126A7B400888FD2 /* threading */,
				A1E70CCE2126B3C900888FD2 /* types */,
				A1E70CC32126A6CB00888FD2 /* memory */,
				A1C3CD7B23A0FD7700E1B8E1 /* web */,
				A1380CBD23A23F2B005D3255 /* fart.hpp */,
				A1E70CBC2126A6C600888FD2 /* main.cpp */,
			);
			path = fart;
			sourceTree = "<group>";
		};
		A1E70CC32126A6CB00888FD2 /* memory */ = {
			isa = PBXGroup;
			children = (
				A1E70CC52126A6F300888FD2 /* object.hpp */,
				A1E70CCC2126B01E00888FD2 /* strong.hpp */,
				A14D1B26213E73B200C9B775 /* weak.hpp */,
				A1380CC123A2400A005D3255 /* memory.hpp */,
			);
			path = memory;
			sourceTree = "<group>";
		};
		A1E70CC72126A7B400888FD2 /* threading */ = {
			isa = PBXGroup;
			children = (
				A1E70CC92126A7BD00888FD2 /* mutex.hpp */,
				A1DBDA8921A6C94A001C3957 /* thread.hpp */,
				A1F4357E23A5209000191611 /* semaphore.hpp */,
				A1380CBF23A23FAF005D3255 /* threading.hpp */,
			);
			path = threading;
			sourceTree = "<group>";
		};
		A1E70CCE2126B3C900888FD2 /* types */ = {
			isa = PBXGroup;
			children = (
				A14D1B2F2145BBEF00C9B775 /* hashable.hpp */,
				A14D1B35214677B600C9B775 /* type.hpp */,
				A1E70CD32126B41400888FD2 /* data.hpp */,
				A1E70CD02126B3DE00888FD2 /* string.hpp */,
				A14D1B292145B93D00C9B775 /* number.hpp */,
				A14D1B23213E6AEE00C9B775 /* array.hpp */,
				A14D1B2C2145BA7C00C9B775 /* dictionary.hpp */,
				A18EE0482434C39900242173 /* null.hpp */,
				A193801D243726D000F914DA /* date.hpp */,
				A193802524387BAD00F914DA /* duration.hpp */,
				A1380CC023A23FCE005D3255 /* types.hpp */,
			);
			path = types;
			sourceTree = "<group>";
		};
		A1E70CD52126C1B400888FD2 /* exceptions */ = {
			isa = PBXGroup;
			children = (
				A1E70CD72126C1BF00888FD2 /* exception.hpp */,
				A1938016243724AE00F914DA /* exceptions.hpp */,
			);
			path = exceptions;
			sourceTree = "<group>";
		};
/* End PBXGroup section */

/* Begin PBXNativeTarget section */
		A1E70CB82126A6C600888FD2 /* fart-test */ = {
			isa = PBXNativeTarget;
			buildConfigurationList = A1E70CC02126A6C600888FD2 /* Build configuration list for PBXNativeTarget "fart-test" */;
			buildPhases = (
				A1E70CB52126A6C600888FD2 /* Sources */,
				A1E70CB62126A6C600888FD2 /* Frameworks */,
				A1E70CB72126A6C600888FD2 /* CopyFiles */,
			);
			buildRules = (
			);
			dependencies = (
			);
			name = "fart-test";
			productName = fart;
			productReference = A1E70CB92126A6C600888FD2 /* fart-test */;
			productType = "com.apple.product-type.tool";
		};
/* End PBXNativeTarget section */

/* Begin PBXProject section */
		A1E70CB12126A6C600888FD2 /* Project object */ = {
			isa = PBXProject;
			attributes = {
				LastUpgradeCheck = 1230;
				ORGANIZATIONNAME = "Kristian Trenskow";
				TargetAttributes = {
					A1E70CB82126A6C600888FD2 = {
						CreatedOnToolsVersion = 9.4;
					};
				};
			};
			buildConfigurationList = A1E70CB42126A6C600888FD2 /* Build configuration list for PBXProject "fart" */;
			compatibilityVersion = "Xcode 9.3";
			developmentRegion = en;
			hasScannedForEncodings = 0;
			knownRegions = (
				en,
			);
			mainGroup = A1E70CB02126A6C600888FD2;
			productRefGroup = A1E70CBA2126A6C600888FD2 /* Products */;
			projectDirPath = "";
			projectRoot = "";
			targets = (
				A1E70CB82126A6C600888FD2 /* fart-test */,
			);
		};
/* End PBXProject section */

/* Begin PBXSourcesBuildPhase section */
		A1E70CB52126A6C600888FD2 /* Sources */ = {
			isa = PBXSourcesBuildPhase;
			buildActionMask = 2147483647;
			files = (
				A1E70CBD2126A6C600888FD2 /* main.cpp in Sources */,
			);
			runOnlyForDeploymentPostprocessing = 0;
		};
/* End PBXSourcesBuildPhase section */

/* Begin XCBuildConfiguration section */
		A1E70CBE2126A6C600888FD2 /* Debug */ = {
			isa = XCBuildConfiguration;
			buildSettings = {
				ALWAYS_SEARCH_USER_PATHS = NO;
				CLANG_ANALYZER_NONNULL = YES;
				CLANG_ANALYZER_NUMBER_OBJECT_CONVERSION = YES_AGGRESSIVE;
				CLANG_CXX_LANGUAGE_STANDARD = "gnu++14";
				CLANG_CXX_LIBRARY = "libc++";
				CLANG_ENABLE_MODULES = YES;
				CLANG_ENABLE_OBJC_ARC = YES;
				CLANG_ENABLE_OBJC_WEAK = YES;
				CLANG_WARN_BLOCK_CAPTURE_AUTORELEASING = YES;
				CLANG_WARN_BOOL_CONVERSION = YES;
				CLANG_WARN_COMMA = YES;
				CLANG_WARN_CONSTANT_CONVERSION = YES;
				CLANG_WARN_DEPRECATED_OBJC_IMPLEMENTATIONS = YES;
				CLANG_WARN_DIRECT_OBJC_ISA_USAGE = YES_ERROR;
				CLANG_WARN_DOCUMENTATION_COMMENTS = YES;
				CLANG_WARN_EMPTY_BODY = YES;
				CLANG_WARN_ENUM_CONVERSION = YES;
				CLANG_WARN_INFINITE_RECURSION = YES;
				CLANG_WARN_INT_CONVERSION = YES;
				CLANG_WARN_NON_LITERAL_NULL_CONVERSION = YES;
				CLANG_WARN_OBJC_IMPLICIT_RETAIN_SELF = YES;
				CLANG_WARN_OBJC_LITERAL_CONVERSION = YES;
				CLANG_WARN_OBJC_ROOT_CLASS = YES_ERROR;
				CLANG_WARN_QUOTED_INCLUDE_IN_FRAMEWORK_HEADER = YES;
				CLANG_WARN_RANGE_LOOP_ANALYSIS = YES;
				CLANG_WARN_STRICT_PROTOTYPES = YES;
				CLANG_WARN_SUSPICIOUS_MOVE = YES;
				CLANG_WARN_UNGUARDED_AVAILABILITY = YES_AGGRESSIVE;
				CLANG_WARN_UNREACHABLE_CODE = YES;
				CLANG_WARN__DUPLICATE_METHOD_MATCH = YES;
				CODE_SIGN_IDENTITY = "Mac Developer";
				COPY_PHASE_STRIP = NO;
				DEBUG_INFORMATION_FORMAT = dwarf;
				ENABLE_STRICT_OBJC_MSGSEND = YES;
				ENABLE_TESTABILITY = YES;
				GCC_C_LANGUAGE_STANDARD = gnu11;
				GCC_DYNAMIC_NO_PIC = NO;
				GCC_NO_COMMON_BLOCKS = YES;
				GCC_OPTIMIZATION_LEVEL = 0;
				GCC_PREPROCESSOR_DEFINITIONS = (
					"DEBUG=1",
					"$(inherited)",
				);
				GCC_WARN_64_TO_32_BIT_CONVERSION = YES;
				GCC_WARN_ABOUT_RETURN_TYPE = YES_ERROR;
				GCC_WARN_UNDECLARED_SELECTOR = YES;
				GCC_WARN_UNINITIALIZED_AUTOS = YES_AGGRESSIVE;
				GCC_WARN_UNUSED_FUNCTION = YES;
				GCC_WARN_UNUSED_VARIABLE = YES;
				MACOSX_DEPLOYMENT_TARGET = 10.13;
				MTL_ENABLE_DEBUG_INFO = YES;
				ONLY_ACTIVE_ARCH = YES;
				SDKROOT = macosx;
			};
			name = Debug;
		};
		A1E70CBF2126A6C600888FD2 /* Release */ = {
			isa = XCBuildConfiguration;
			buildSettings = {
				ALWAYS_SEARCH_USER_PATHS = NO;
				CLANG_ANALYZER_NONNULL = YES;
				CLANG_ANALYZER_NUMBER_OBJECT_CONVERSION = YES_AGGRESSIVE;
				CLANG_CXX_LANGUAGE_STANDARD = "gnu++14";
				CLANG_CXX_LIBRARY = "libc++";
				CLANG_ENABLE_MODULES = YES;
				CLANG_ENABLE_OBJC_ARC = YES;
				CLANG_ENABLE_OBJC_WEAK = YES;
				CLANG_WARN_BLOCK_CAPTURE_AUTORELEASING = YES;
				CLANG_WARN_BOOL_CONVERSION = YES;
				CLANG_WARN_COMMA = YES;
				CLANG_WARN_CONSTANT_CONVERSION = YES;
				CLANG_WARN_DEPRECATED_OBJC_IMPLEMENTATIONS = YES;
				CLANG_WARN_DIRECT_OBJC_ISA_USAGE = YES_ERROR;
				CLANG_WARN_DOCUMENTATION_COMMENTS = YES;
				CLANG_WARN_EMPTY_BODY = YES;
				CLANG_WARN_ENUM_CONVERSION = YES;
				CLANG_WARN_INFINITE_RECURSION = YES;
				CLANG_WARN_INT_CONVERSION = YES;
				CLANG_WARN_NON_LITERAL_NULL_CONVERSION = YES;
				CLANG_WARN_OBJC_IMPLICIT_RETAIN_SELF = YES;
				CLANG_WARN_OBJC_LITERAL_CONVERSION = YES;
				CLANG_WARN_OBJC_ROOT_CLASS = YES_ERROR;
				CLANG_WARN_QUOTED_INCLUDE_IN_FRAMEWORK_HEADER = YES;
				CLANG_WARN_RANGE_LOOP_ANALYSIS = YES;
				CLANG_WARN_STRICT_PROTOTYPES = YES;
				CLANG_WARN_SUSPICIOUS_MOVE = YES;
				CLANG_WARN_UNGUARDED_AVAILABILITY = YES_AGGRESSIVE;
				CLANG_WARN_UNREACHABLE_CODE = YES;
				CLANG_WARN__DUPLICATE_METHOD_MATCH = YES;
				CODE_SIGN_IDENTITY = "Mac Developer";
				COPY_PHASE_STRIP = NO;
				DEBUG_INFORMATION_FORMAT = "dwarf-with-dsym";
				ENABLE_NS_ASSERTIONS = NO;
				ENABLE_STRICT_OBJC_MSGSEND = YES;
				GCC_C_LANGUAGE_STANDARD = gnu11;
				GCC_NO_COMMON_BLOCKS = YES;
				GCC_WARN_64_TO_32_BIT_CONVERSION = YES;
				GCC_WARN_ABOUT_RETURN_TYPE = YES_ERROR;
				GCC_WARN_UNDECLARED_SELECTOR = YES;
				GCC_WARN_UNINITIALIZED_AUTOS = YES_AGGRESSIVE;
				GCC_WARN_UNUSED_FUNCTION = YES;
				GCC_WARN_UNUSED_VARIABLE = YES;
				MACOSX_DEPLOYMENT_TARGET = 10.13;
				MTL_ENABLE_DEBUG_INFO = NO;
				SDKROOT = macosx;
			};
			name = Release;
		};
		A1E70CC12126A6C600888FD2 /* Debug */ = {
			isa = XCBuildConfiguration;
			buildSettings = {
				CLANG_CXX_LANGUAGE_STANDARD = "c++17";
				CODE_SIGN_IDENTITY = "-";
				CODE_SIGN_STYLE = Automatic;
				DEVELOPMENT_TEAM = GNSKCLJY5Q;
				PRODUCT_NAME = "$(TARGET_NAME)";
			};
			name = Debug;
		};
		A1E70CC22126A6C600888FD2 /* Release */ = {
			isa = XCBuildConfiguration;
			buildSettings = {
				CLANG_CXX_LANGUAGE_STANDARD = "c++17";
				CODE_SIGN_IDENTITY = "-";
				CODE_SIGN_STYLE = Automatic;
				DEVELOPMENT_TEAM = GNSKCLJY5Q;
				PRODUCT_NAME = "$(TARGET_NAME)";
			};
			name = Release;
		};
/* End XCBuildConfiguration section */

/* Begin XCConfigurationList section */
		A1E70CB42126A6C600888FD2 /* Build configuration list for PBXProject "fart" */ = {
			isa = XCConfigurationList;
			buildConfigurations = (
				A1E70CBE2126A6C600888FD2 /* Debug */,
				A1E70CBF2126A6C600888FD2 /* Release */,
			);
			defaultConfigurationIsVisible = 0;
			defaultConfigurationName = Release;
		};
		A1E70CC02126A6C600888FD2 /* Build configuration list for PBXNativeTarget "fart-test" */ = {
			isa = XCConfigurationList;
			buildConfigurations = (
				A1E70CC12126A6C600888FD2 /* Debug */,
				A1E70CC22126A6C600888FD2 /* Release */,
			);
			defaultConfigurationIsVisible = 0;
			defaultConfigurationName = Release;
		};
/* End XCConfigurationList section */
	};
	rootObject = A1E70CB12126A6C600888FD2 /* Project object */;
}
