// !$*UTF8*$!
{
	archiveVersion = 1;
	classes = {
	};
	objectVersion = 50;
	objects = {

/* Begin PBXBuildFile section */
		A14D1B36214677B600C9B775 /* type.cpp in Sources */ = {isa = PBXBuildFile; fileRef = A14D1B34214677B600C9B775 /* type.cpp */; };
		A185EAF32152FB6B003EDE9A /* socket.cpp in Sources */ = {isa = PBXBuildFile; fileRef = A1FC98C5215296AE00CE1B63 /* socket.cpp */; };
		A185EAF42152FBF4003EDE9A /* endpoint.cpp in Sources */ = {isa = PBXBuildFile; fileRef = A1FC98C8215296E200CE1B63 /* endpoint.cpp */; };
		A1DBDA8A21A6C94A001C3957 /* thread.cpp in Sources */ = {isa = PBXBuildFile; fileRef = A1DBDA8821A6C94A001C3957 /* thread.cpp */; };
		A1E70CBD2126A6C600888FD2 /* main.cpp in Sources */ = {isa = PBXBuildFile; fileRef = A1E70CBC2126A6C600888FD2 /* main.cpp */; };
		A1E70CC62126A6F300888FD2 /* object.cpp in Sources */ = {isa = PBXBuildFile; fileRef = A1E70CC42126A6F300888FD2 /* object.cpp */; };
		A1E70CCA2126A7BD00888FD2 /* mutex.cpp in Sources */ = {isa = PBXBuildFile; fileRef = A1E70CC82126A7BD00888FD2 /* mutex.cpp */; };
		A1E70CD12126B3DE00888FD2 /* string.cpp in Sources */ = {isa = PBXBuildFile; fileRef = A1E70CCF2126B3DE00888FD2 /* string.cpp */; };
/* End PBXBuildFile section */

/* Begin PBXCopyFilesBuildPhase section */
		A1E70CB72126A6C600888FD2 /* CopyFiles */ = {
			isa = PBXCopyFilesBuildPhase;
			buildActionMask = 2147483647;
			dstPath = /usr/share/man/man1/;
			dstSubfolderSpec = 0;
			files = (
			);
			runOnlyForDeploymentPostprocessing = 1;
		};
/* End PBXCopyFilesBuildPhase section */

/* Begin PBXFileReference section */
		A14D1B23213E6AEE00C9B775 /* array.hpp */ = {isa = PBXFileReference; lastKnownFileType = sourcecode.cpp.h; path = array.hpp; sourceTree = "<group>"; };
		A14D1B26213E73B200C9B775 /* weak.hpp */ = {isa = PBXFileReference; lastKnownFileType = sourcecode.cpp.h; path = weak.hpp; sourceTree = "<group>"; };
		A14D1B292145B93D00C9B775 /* number.hpp */ = {isa = PBXFileReference; lastKnownFileType = sourcecode.cpp.h; path = number.hpp; sourceTree = "<group>"; };
		A14D1B2C2145BA7C00C9B775 /* dictionary.hpp */ = {isa = PBXFileReference; lastKnownFileType = sourcecode.cpp.h; path = dictionary.hpp; sourceTree = "<group>"; };
		A14D1B2F2145BBEF00C9B775 /* hashable.hpp */ = {isa = PBXFileReference; lastKnownFileType = sourcecode.cpp.h; path = hashable.hpp; sourceTree = "<group>"; };
		A14D1B34214677B600C9B775 /* type.cpp */ = {isa = PBXFileReference; lastKnownFileType = sourcecode.cpp.cpp; path = type.cpp; sourceTree = "<group>"; };
		A14D1B35214677B600C9B775 /* type.hpp */ = {isa = PBXFileReference; lastKnownFileType = sourcecode.cpp.h; path = type.hpp; sourceTree = "<group>"; };
		A1DBDA8821A6C94A001C3957 /* thread.cpp */ = {isa = PBXFileReference; lastKnownFileType = sourcecode.cpp.cpp; path = thread.cpp; sourceTree = "<group>"; };
		A1DBDA8921A6C94A001C3957 /* thread.hpp */ = {isa = PBXFileReference; lastKnownFileType = sourcecode.cpp.h; path = thread.hpp; sourceTree = "<group>"; };
		A1E70CB92126A6C600888FD2 /* fart */ = {isa = PBXFileReference; explicitFileType = "compiled.mach-o.executable"; includeInIndex = 0; path = fart; sourceTree = BUILT_PRODUCTS_DIR; };
		A1E70CBC2126A6C600888FD2 /* main.cpp */ = {isa = PBXFileReference; lastKnownFileType = sourcecode.cpp.cpp; path = main.cpp; sourceTree = "<group>"; };
		A1E70CC42126A6F300888FD2 /* object.cpp */ = {isa = PBXFileReference; lastKnownFileType = sourcecode.cpp.cpp; path = object.cpp; sourceTree = "<group>"; };
		A1E70CC52126A6F300888FD2 /* object.hpp */ = {isa = PBXFileReference; lastKnownFileType = sourcecode.cpp.h; path = object.hpp; sourceTree = "<group>"; };
		A1E70CC82126A7BD00888FD2 /* mutex.cpp */ = {isa = PBXFileReference; lastKnownFileType = sourcecode.cpp.cpp; path = mutex.cpp; sourceTree = "<group>"; };
		A1E70CC92126A7BD00888FD2 /* mutex.hpp */ = {isa = PBXFileReference; lastKnownFileType = sourcecode.cpp.h; path = mutex.hpp; sourceTree = "<group>"; };
		A1E70CCC2126B01E00888FD2 /* strong.hpp */ = {isa = PBXFileReference; lastKnownFileType = sourcecode.cpp.h; path = strong.hpp; sourceTree = "<group>"; };
		A1E70CCF2126B3DE00888FD2 /* string.cpp */ = {isa = PBXFileReference; lastKnownFileType = sourcecode.cpp.cpp; path = string.cpp; sourceTree = "<group>"; };
		A1E70CD02126B3DE00888FD2 /* string.hpp */ = {isa = PBXFileReference; lastKnownFileType = sourcecode.cpp.h; path = string.hpp; sourceTree = "<group>"; };
		A1E70CD32126B41400888FD2 /* data.hpp */ = {isa = PBXFileReference; lastKnownFileType = sourcecode.cpp.h; path = data.hpp; sourceTree = "<group>"; };
		A1E70CD72126C1BF00888FD2 /* exception.hpp */ = {isa = PBXFileReference; lastKnownFileType = sourcecode.cpp.h; path = exception.hpp; sourceTree = "<group>"; };
		A1FC98C5215296AE00CE1B63 /* socket.cpp */ = {isa = PBXFileReference; lastKnownFileType = sourcecode.cpp.cpp; path = socket.cpp; sourceTree = "<group>"; };
		A1FC98C6215296AE00CE1B63 /* socket.hpp */ = {isa = PBXFileReference; lastKnownFileType = sourcecode.cpp.h; path = socket.hpp; sourceTree = "<group>"; };
		A1FC98C8215296E200CE1B63 /* endpoint.cpp */ = {isa = PBXFileReference; lastKnownFileType = sourcecode.cpp.cpp; path = endpoint.cpp; sourceTree = "<group>"; };
		A1FC98C9215296E200CE1B63 /* endpoint.hpp */ = {isa = PBXFileReference; lastKnownFileType = sourcecode.cpp.h; path = endpoint.hpp; sourceTree = "<group>"; };
/* End PBXFileReference section */

/* Begin PBXFrameworksBuildPhase section */
		A1E70CB62126A6C600888FD2 /* Frameworks */ = {
			isa = PBXFrameworksBuildPhase;
			buildActionMask = 2147483647;
			files = (
			);
			runOnlyForDeploymentPostprocessing = 0;
		};
/* End PBXFrameworksBuildPhase section */

/* Begin PBXGroup section */
		A1E70CB02126A6C600888FD2 = {
			isa = PBXGroup;
			children = (
				A1E70CBB2126A6C600888FD2 /* fart */,
				A1E70CBA2126A6C600888FD2 /* Products */,
			);
			sourceTree = "<group>";
		};
		A1E70CBA2126A6C600888FD2 /* Products */ = {
			isa = PBXGroup;
			children = (
				A1E70CB92126A6C600888FD2 /* fart */,
			);
			name = Products;
			sourceTree = "<group>";
		};
		A1E70CBB2126A6C600888FD2 /* fart */ = {
			isa = PBXGroup;
			children = (
				A1E70CD52126C1B400888FD2 /* Error Handling */,
				A1E70CC72126A7B400888FD2 /* Threading */,
				A1E70CCE2126B3C900888FD2 /* Types */,
				A1E70CC32126A6CB00888FD2 /* Memory Management */,
				A1FC98C42152969A00CE1B63 /* Network */,
				A1E70CBC2126A6C600888FD2 /* main.cpp */,
			);
			path = fart;
			sourceTree = "<group>";
		};
		A1E70CC32126A6CB00888FD2 /* Memory Management */ = {
			isa = PBXGroup;
			children = (
				A1E70CC52126A6F300888FD2 /* object.hpp */,
				A1E70CC42126A6F300888FD2 /* object.cpp */,
				A1E70CCC2126B01E00888FD2 /* strong.hpp */,
				A14D1B26213E73B200C9B775 /* weak.hpp */,
			);
			path = "Memory Management";
			sourceTree = "<group>";
		};
		A1E70CC72126A7B400888FD2 /* Threading */ = {
			isa = PBXGroup;
			children = (
				A1E70CC92126A7BD00888FD2 /* mutex.hpp */,
				A1E70CC82126A7BD00888FD2 /* mutex.cpp */,
				A1DBDA8921A6C94A001C3957 /* thread.hpp */,
				A1DBDA8821A6C94A001C3957 /* thread.cpp */,
			);
			path = Threading;
			sourceTree = "<group>";
		};
		A1E70CCE2126B3C900888FD2 /* Types */ = {
			isa = PBXGroup;
			children = (
				A14D1B2F2145BBEF00C9B775 /* hashable.hpp */,
				A14D1B35214677B600C9B775 /* type.hpp */,
				A14D1B34214677B600C9B775 /* type.cpp */,
				A1E70CD32126B41400888FD2 /* data.hpp */,
				A1E70CD02126B3DE00888FD2 /* string.hpp */,
				A1E70CCF2126B3DE00888FD2 /* string.cpp */,
				A14D1B292145B93D00C9B775 /* number.hpp */,
				A14D1B23213E6AEE00C9B775 /* array.hpp */,
				A14D1B2C2145BA7C00C9B775 /* dictionary.hpp */,
			);
			path = Types;
			sourceTree = "<group>";
		};
		A1E70CD52126C1B400888FD2 /* Error Handling */ = {
			isa = PBXGroup;
			children = (
				A1E70CD72126C1BF00888FD2 /* exception.hpp */,
			);
			path = "Error Handling";
			sourceTree = "<group>";
		};
		A1FC98C42152969A00CE1B63 /* Network */ = {
			isa = PBXGroup;
			children = (
				A1FC98C6215296AE00CE1B63 /* socket.hpp */,
				A1FC98C5215296AE00CE1B63 /* socket.cpp */,
				A1FC98C9215296E200CE1B63 /* endpoint.hpp */,
				A1FC98C8215296E200CE1B63 /* endpoint.cpp */,
			);
			path = Network;
			sourceTree = "<group>";
		};
/* End PBXGroup section */

/* Begin PBXNativeTarget section */
		A1E70CB82126A6C600888FD2 /* fart */ = {
			isa = PBXNativeTarget;
			buildConfigurationList = A1E70CC02126A6C600888FD2 /* Build configuration list for PBXNativeTarget "fart" */;
			buildPhases = (
				A1E70CB52126A6C600888FD2 /* Sources */,
				A1E70CB62126A6C600888FD2 /* Frameworks */,
				A1E70CB72126A6C600888FD2 /* CopyFiles */,
			);
			buildRules = (
			);
			dependencies = (
			);
			name = fart;
			productName = fart;
			productReference = A1E70CB92126A6C600888FD2 /* fart */;
			productType = "com.apple.product-type.tool";
		};
/* End PBXNativeTarget section */

/* Begin PBXProject section */
		A1E70CB12126A6C600888FD2 /* Project object */ = {
			isa = PBXProject;
			attributes = {
				LastUpgradeCheck = 0940;
				ORGANIZATIONNAME = "Kristian Trenskow";
				TargetAttributes = {
					A1E70CB82126A6C600888FD2 = {
						CreatedOnToolsVersion = 9.4;
					};
				};
			};
			buildConfigurationList = A1E70CB42126A6C600888FD2 /* Build configuration list for PBXProject "fart" */;
			compatibilityVersion = "Xcode 9.3";
			developmentRegion = en;
			hasScannedForEncodings = 0;
			knownRegions = (
				en,
			);
			mainGroup = A1E70CB02126A6C600888FD2;
			productRefGroup = A1E70CBA2126A6C600888FD2 /* Products */;
			projectDirPath = "";
			projectRoot = "";
			targets = (
				A1E70CB82126A6C600888FD2 /* fart */,
			);
		};
/* End PBXProject section */

/* Begin PBXSourcesBuildPhase section */
		A1E70CB52126A6C600888FD2 /* Sources */ = {
			isa = PBXSourcesBuildPhase;
			buildActionMask = 2147483647;
			files = (
				A1E70CC62126A6F300888FD2 /* object.cpp in Sources */,
				A1E70CBD2126A6C600888FD2 /* main.cpp in Sources */,
				A1E70CD12126B3DE00888FD2 /* string.cpp in Sources */,
				A1DBDA8A21A6C94A001C3957 /* thread.cpp in Sources */,
				A14D1B36214677B600C9B775 /* type.cpp in Sources */,
				A185EAF32152FB6B003EDE9A /* socket.cpp in Sources */,
				A1E70CCA2126A7BD00888FD2 /* mutex.cpp in Sources */,
				A185EAF42152FBF4003EDE9A /* endpoint.cpp in Sources */,
			);
			runOnlyForDeploymentPostprocessing = 0;
		};
/* End PBXSourcesBuildPhase section */

/* Begin XCBuildConfiguration section */
		A1E70CBE2126A6C600888FD2 /* Debug */ = {
			isa = XCBuildConfiguration;
			buildSettings = {
				ALWAYS_SEARCH_USER_PATHS = NO;
				CLANG_ANALYZER_NONNULL = YES;
				CLANG_ANALYZER_NUMBER_OBJECT_CONVERSION = YES_AGGRESSIVE;
				CLANG_CXX_LANGUAGE_STANDARD = "gnu++14";
				CLANG_CXX_LIBRARY = "libc++";
				CLANG_ENABLE_MODULES = YES;
				CLANG_ENABLE_OBJC_ARC = YES;
				CLANG_ENABLE_OBJC_WEAK = YES;
				CLANG_WARN_BLOCK_CAPTURE_AUTORELEASING = YES;
				CLANG_WARN_BOOL_CONVERSION = YES;
				CLANG_WARN_COMMA = YES;
				CLANG_WARN_CONSTANT_CONVERSION = YES;
				CLANG_WARN_DEPRECATED_OBJC_IMPLEMENTATIONS = YES;
				CLANG_WARN_DIRECT_OBJC_ISA_USAGE = YES_ERROR;
				CLANG_WARN_DOCUMENTATION_COMMENTS = YES;
				CLANG_WARN_EMPTY_BODY = YES;
				CLANG_WARN_ENUM_CONVERSION = YES;
				CLANG_WARN_INFINITE_RECURSION = YES;
				CLANG_WARN_INT_CONVERSION = YES;
				CLANG_WARN_NON_LITERAL_NULL_CONVERSION = YES;
				CLANG_WARN_OBJC_IMPLICIT_RETAIN_SELF = YES;
				CLANG_WARN_OBJC_LITERAL_CONVERSION = YES;
				CLANG_WARN_OBJC_ROOT_CLASS = YES_ERROR;
				CLANG_WARN_RANGE_LOOP_ANALYSIS = YES;
				CLANG_WARN_STRICT_PROTOTYPES = YES;
				CLANG_WARN_SUSPICIOUS_MOVE = YES;
				CLANG_WARN_UNGUARDED_AVAILABILITY = YES_AGGRESSIVE;
				CLANG_WARN_UNREACHABLE_CODE = YES;
				CLANG_WARN__DUPLICATE_METHOD_MATCH = YES;
				CODE_SIGN_IDENTITY = "Mac Developer";
				COPY_PHASE_STRIP = NO;
				DEBUG_INFORMATION_FORMAT = dwarf;
				ENABLE_STRICT_OBJC_MSGSEND = YES;
				ENABLE_TESTABILITY = YES;
				GCC_C_LANGUAGE_STANDARD = gnu11;
				GCC_DYNAMIC_NO_PIC = NO;
				GCC_NO_COMMON_BLOCKS = YES;
				GCC_OPTIMIZATION_LEVEL = 0;
				GCC_PREPROCESSOR_DEFINITIONS = (
					"DEBUG=1",
					"$(inherited)",
				);
				GCC_WARN_64_TO_32_BIT_CONVERSION = YES;
				GCC_WARN_ABOUT_RETURN_TYPE = YES_ERROR;
				GCC_WARN_UNDECLARED_SELECTOR = YES;
				GCC_WARN_UNINITIALIZED_AUTOS = YES_AGGRESSIVE;
				GCC_WARN_UNUSED_FUNCTION = YES;
				GCC_WARN_UNUSED_VARIABLE = YES;
				MACOSX_DEPLOYMENT_TARGET = 10.13;
				MTL_ENABLE_DEBUG_INFO = YES;
				ONLY_ACTIVE_ARCH = YES;
				SDKROOT = macosx;
			};
			name = Debug;
		};
		A1E70CBF2126A6C600888FD2 /* Release */ = {
			isa = XCBuildConfiguration;
			buildSettings = {
				ALWAYS_SEARCH_USER_PATHS = NO;
				CLANG_ANALYZER_NONNULL = YES;
				CLANG_ANALYZER_NUMBER_OBJECT_CONVERSION = YES_AGGRESSIVE;
				CLANG_CXX_LANGUAGE_STANDARD = "gnu++14";
				CLANG_CXX_LIBRARY = "libc++";
				CLANG_ENABLE_MODULES = YES;
				CLANG_ENABLE_OBJC_ARC = YES;
				CLANG_ENABLE_OBJC_WEAK = YES;
				CLANG_WARN_BLOCK_CAPTURE_AUTORELEASING = YES;
				CLANG_WARN_BOOL_CONVERSION = YES;
				CLANG_WARN_COMMA = YES;
				CLANG_WARN_CONSTANT_CONVERSION = YES;
				CLANG_WARN_DEPRECATED_OBJC_IMPLEMENTATIONS = YES;
				CLANG_WARN_DIRECT_OBJC_ISA_USAGE = YES_ERROR;
				CLANG_WARN_DOCUMENTATION_COMMENTS = YES;
				CLANG_WARN_EMPTY_BODY = YES;
				CLANG_WARN_ENUM_CONVERSION = YES;
				CLANG_WARN_INFINITE_RECURSION = YES;
				CLANG_WARN_INT_CONVERSION = YES;
				CLANG_WARN_NON_LITERAL_NULL_CONVERSION = YES;
				CLANG_WARN_OBJC_IMPLICIT_RETAIN_SELF = YES;
				CLANG_WARN_OBJC_LITERAL_CONVERSION = YES;
				CLANG_WARN_OBJC_ROOT_CLASS = YES_ERROR;
				CLANG_WARN_RANGE_LOOP_ANALYSIS = YES;
				CLANG_WARN_STRICT_PROTOTYPES = YES;
				CLANG_WARN_SUSPICIOUS_MOVE = YES;
				CLANG_WARN_UNGUARDED_AVAILABILITY = YES_AGGRESSIVE;
				CLANG_WARN_UNREACHABLE_CODE = YES;
				CLANG_WARN__DUPLICATE_METHOD_MATCH = YES;
				CODE_SIGN_IDENTITY = "Mac Developer";
				COPY_PHASE_STRIP = NO;
				DEBUG_INFORMATION_FORMAT = "dwarf-with-dsym";
				ENABLE_NS_ASSERTIONS = NO;
				ENABLE_STRICT_OBJC_MSGSEND = YES;
				GCC_C_LANGUAGE_STANDARD = gnu11;
				GCC_NO_COMMON_BLOCKS = YES;
				GCC_WARN_64_TO_32_BIT_CONVERSION = YES;
				GCC_WARN_ABOUT_RETURN_TYPE = YES_ERROR;
				GCC_WARN_UNDECLARED_SELECTOR = YES;
				GCC_WARN_UNINITIALIZED_AUTOS = YES_AGGRESSIVE;
				GCC_WARN_UNUSED_FUNCTION = YES;
				GCC_WARN_UNUSED_VARIABLE = YES;
				MACOSX_DEPLOYMENT_TARGET = 10.13;
				MTL_ENABLE_DEBUG_INFO = NO;
				SDKROOT = macosx;
			};
			name = Release;
		};
		A1E70CC12126A6C600888FD2 /* Debug */ = {
			isa = XCBuildConfiguration;
			buildSettings = {
				CODE_SIGN_STYLE = Automatic;
				DEVELOPMENT_TEAM = GNSKCLJY5Q;
				PRODUCT_NAME = "$(TARGET_NAME)";
			};
			name = Debug;
		};
		A1E70CC22126A6C600888FD2 /* Release */ = {
			isa = XCBuildConfiguration;
			buildSettings = {
				CODE_SIGN_STYLE = Automatic;
				DEVELOPMENT_TEAM = GNSKCLJY5Q;
				PRODUCT_NAME = "$(TARGET_NAME)";
			};
			name = Release;
		};
/* End XCBuildConfiguration section */

/* Begin XCConfigurationList section */
		A1E70CB42126A6C600888FD2 /* Build configuration list for PBXProject "fart" */ = {
			isa = XCConfigurationList;
			buildConfigurations = (
				A1E70CBE2126A6C600888FD2 /* Debug */,
				A1E70CBF2126A6C600888FD2 /* Release */,
			);
			defaultConfigurationIsVisible = 0;
			defaultConfigurationName = Release;
		};
		A1E70CC02126A6C600888FD2 /* Build configuration list for PBXNativeTarget "fart" */ = {
			isa = XCConfigurationList;
			buildConfigurations = (
				A1E70CC12126A6C600888FD2 /* Debug */,
				A1E70CC22126A6C600888FD2 /* Release */,
			);
			defaultConfigurationIsVisible = 0;
			defaultConfigurationName = Release;
		};
/* End XCConfigurationList section */
	};
	rootObject = A1E70CB12126A6C600888FD2 /* Project object */;
}
